
Microsoft Visual Studio Solution File, Format Version 12.00
# Visual Studio Version 16
VisualStudioVersion = 16.0.30717.126
MinimumVisualStudioVersion = 10.0.40219.1
Project("{FAE04EC0-301F-11D3-BF4B-00C04F79EFBC}") = "PostApi", "PostApi\PostApi.csproj", "{17C19E74-B586-46FB-B7E0-0A202AD27382}"
EndProject
Global
	GlobalSection(SolutionConfigurationPlatforms) = preSolution
		Debug|Any CPU = Debug|Any CPU
		Release|Any CPU = Release|Any CPU
	EndGlobalSection
	GlobalSection(ProjectConfigurationPlatforms) = postSolution
		{17C19E74-B586-46FB-B7E0-0A202AD27382}.Debug|Any CPU.ActiveCfg = Debug|Any CPU
		{17C19E74-B586-46FB-B7E0-0A202AD27382}.Debug|Any CPU.Build.0 = Debug|Any CPU
		{17C19E74-B586-46FB-B7E0-0A202AD27382}.Release|Any CPU.ActiveCfg = Release|Any CPU
		{17C19E74-B586-46FB-B7E0-0A202AD27382}.Release|Any CPU.Build.0 = Release|Any CPU
	EndGlobalSection
	GlobalSection(SolutionProperties) = preSolution
		HideSolutionNode = FALSE
	EndGlobalSection
	GlobalSection(ExtensibilityGlobals) = postSolution
		SolutionGuid = {4B8F64C7-CB19-44EA-8B33-86C8C699641C}
	EndGlobalSection
EndGlobal
